
Microsoft Visual Studio Solution File, Format Version 12.00
# Visual Studio 2012
Project("{FAE04EC0-301F-11D3-BF4B-00C04F79EFBC}") = "WindowsAzure.Storage.Services", "WindowsAzure.Storage.Services\WindowsAzure.Storage.Services.csproj", "{D6F83627-AFAB-4FE0-9409-6B5BE3AE29F4}"
EndProject
Project("{2150E333-8FDC-42A3-9474-1A3956D46DE8}") = "Solution Items", "Solution Items", "{C8619983-30FF-4710-8A37-AF6D9D030900}"
	ProjectSection(SolutionItems) = preProject
		LICENSE = LICENSE
		logo.png = logo.png
		README.md = README.md
		WindowsAzure.Storage.Services.nuspec = WindowsAzure.Storage.Services.nuspec
	EndProjectSection
EndProject
Project("{FAE04EC0-301F-11D3-BF4B-00C04F79EFBC}") = "WindowsAzure.Storage.Services.Tests", "WindowsAzure.Storage.Services.Tests\WindowsAzure.Storage.Services.Tests.csproj", "{7A284FBF-E60C-4AF4-8575-80BFE790306A}"
EndProject
Project("{2150E333-8FDC-42A3-9474-1A3956D46DE8}") = ".nuget", ".nuget", "{3B87A5BD-AEE4-4A36-A996-21C043CCC3B1}"
	ProjectSection(SolutionItems) = preProject
		.nuget\NuGet.Config = .nuget\NuGet.Config
		.nuget\NuGet.exe = .nuget\NuGet.exe
		.nuget\NuGet.targets = .nuget\NuGet.targets
	EndProjectSection
EndProject
Global
	GlobalSection(SolutionConfigurationPlatforms) = preSolution
		Debug|Any CPU = Debug|Any CPU
		Release|Any CPU = Release|Any CPU
	EndGlobalSection
	GlobalSection(ProjectConfigurationPlatforms) = postSolution
		{D6F83627-AFAB-4FE0-9409-6B5BE3AE29F4}.Debug|Any CPU.ActiveCfg = Debug|Any CPU
		{D6F83627-AFAB-4FE0-9409-6B5BE3AE29F4}.Debug|Any CPU.Build.0 = Debug|Any CPU
		{D6F83627-AFAB-4FE0-9409-6B5BE3AE29F4}.Release|Any CPU.ActiveCfg = Release|Any CPU
		{D6F83627-AFAB-4FE0-9409-6B5BE3AE29F4}.Release|Any CPU.Build.0 = Release|Any CPU
		{7A284FBF-E60C-4AF4-8575-80BFE790306A}.Debug|Any CPU.ActiveCfg = Debug|Any CPU
		{7A284FBF-E60C-4AF4-8575-80BFE790306A}.Debug|Any CPU.Build.0 = Debug|Any CPU
		{7A284FBF-E60C-4AF4-8575-80BFE790306A}.Release|Any CPU.ActiveCfg = Release|Any CPU
		{7A284FBF-E60C-4AF4-8575-80BFE790306A}.Release|Any CPU.Build.0 = Release|Any CPU
	EndGlobalSection
	GlobalSection(SolutionProperties) = preSolution
		HideSolutionNode = FALSE
	EndGlobalSection
EndGlobal
